
Microsoft Visual Studio Solution File, Format Version 12.00
# Visual Studio 15
Project("{FAE04EC0-301F-11D3-BF4B-00C04F79EFBC}") = "Tools", "Tools\Tools.csproj", "{C49B4958-8AEB-4B4C-ADB5-3C6FE401DE4F}"
EndProject
Global
	GlobalSection(SolutionConfigurationPlatforms) = preSolution
		Debug|Any CPU = Debug|Any CPU
		Release|Any CPU = Release|Any CPU
	EndGlobalSection
	GlobalSection(ProjectConfigurationPlatforms) = postSolution
		{C49B4958-8AEB-4B4C-ADB5-3C6FE401DE4F}.Debug|Any CPU.ActiveCfg = Debug|Any CPU
		{C49B4958-8AEB-4B4C-ADB5-3C6FE401DE4F}.Debug|Any CPU.Build.0 = Debug|Any CPU
		{C49B4958-8AEB-4B4C-ADB5-3C6FE401DE4F}.Release|Any CPU.ActiveCfg = Release|Any CPU
		{C49B4958-8AEB-4B4C-ADB5-3C6FE401DE4F}.Release|Any CPU.Build.0 = Release|Any CPU
	EndGlobalSection
EndGlobal
