
Microsoft Visual Studio Solution File, Format Version 12.00
# Visual Studio 15
Project("{FAE04EC0-301F-11D3-BF4B-00C04F79EFBC}") = "Server", "Server\Server.csproj", "{B599D019-3D65-4D02-8C70-BED1E48C66C3}"
EndProject
Project("{FAE04EC0-301F-11D3-BF4B-00C04F79EFBC}") = "NavyBlueDtos", "NavyBlueDtos\NavyBlueDtos.csproj", "{B4167AFE-69A8-482D-A671-F4178EF8AA46}"
EndProject
Project("{FAE04EC0-301F-11D3-BF4B-00C04F79EFBC}") = "NavyBlueEntities", "NavyBlueEntities\NavyBlueEntities.csproj", "{DDC2F6F9-6F1B-4043-A77E-C5FA9A5143DD}"
EndProject
Global
	GlobalSection(SolutionConfigurationPlatforms) = preSolution
		Debug|Any CPU = Debug|Any CPU
		Release|Any CPU = Release|Any CPU
	EndGlobalSection
	GlobalSection(ProjectConfigurationPlatforms) = postSolution
		{B599D019-3D65-4D02-8C70-BED1E48C66C3}.Debug|Any CPU.ActiveCfg = Debug|Any CPU
		{B599D019-3D65-4D02-8C70-BED1E48C66C3}.Debug|Any CPU.Build.0 = Debug|Any CPU
		{B599D019-3D65-4D02-8C70-BED1E48C66C3}.Release|Any CPU.ActiveCfg = Release|Any CPU
		{B599D019-3D65-4D02-8C70-BED1E48C66C3}.Release|Any CPU.Build.0 = Release|Any CPU
		{B4167AFE-69A8-482D-A671-F4178EF8AA46}.Debug|Any CPU.ActiveCfg = Debug|Any CPU
		{B4167AFE-69A8-482D-A671-F4178EF8AA46}.Debug|Any CPU.Build.0 = Debug|Any CPU
		{B4167AFE-69A8-482D-A671-F4178EF8AA46}.Release|Any CPU.ActiveCfg = Release|Any CPU
		{B4167AFE-69A8-482D-A671-F4178EF8AA46}.Release|Any CPU.Build.0 = Release|Any CPU
		{DDC2F6F9-6F1B-4043-A77E-C5FA9A5143DD}.Debug|Any CPU.ActiveCfg = Debug|Any CPU
		{DDC2F6F9-6F1B-4043-A77E-C5FA9A5143DD}.Debug|Any CPU.Build.0 = Debug|Any CPU
		{DDC2F6F9-6F1B-4043-A77E-C5FA9A5143DD}.Release|Any CPU.ActiveCfg = Release|Any CPU
		{DDC2F6F9-6F1B-4043-A77E-C5FA9A5143DD}.Release|Any CPU.Build.0 = Release|Any CPU
	EndGlobalSection
EndGlobal
